
Microsoft Visual Studio Solution File, Format Version 12.00
# Visual Studio 14
VisualStudioVersion = 14.0.22823.1
MinimumVisualStudioVersion = 10.0.40219.1
Project("{FAE04EC0-301F-11D3-BF4B-00C04F79EFBC}") = "Database_Failover_Demo", "Database_Failover_Demo\Database_Failover_Demo.csproj", "{D63701F7-9D1D-48DC-848B-5E60DE1B473E}"
EndProject
Global
	GlobalSection(SolutionConfigurationPlatforms) = preSolution
		Debug|Any CPU = Debug|Any CPU
		Release|Any CPU = Release|Any CPU
	EndGlobalSection
	GlobalSection(ProjectConfigurationPlatforms) = postSolution
		{D63701F7-9D1D-48DC-848B-5E60DE1B473E}.Debug|Any CPU.ActiveCfg = Debug|Any CPU
		{D63701F7-9D1D-48DC-848B-5E60DE1B473E}.Debug|Any CPU.Build.0 = Debug|Any CPU
		{D63701F7-9D1D-48DC-848B-5E60DE1B473E}.Release|Any CPU.ActiveCfg = Release|Any CPU
		{D63701F7-9D1D-48DC-848B-5E60DE1B473E}.Release|Any CPU.Build.0 = Release|Any CPU
	EndGlobalSection
	GlobalSection(SolutionProperties) = preSolution
		HideSolutionNode = FALSE
	EndGlobalSection
EndGlobal
